// !$*UTF8*$!
{
	archiveVersion = 1;
	classes = {
	};
	objectVersion = 45;
	objects = {

/* Begin PBXBuildFile section */
		063AE63F16CBEA78005C8332 /* CoreData.framework in Frameworks */ = {isa = PBXBuildFile; fileRef = 063AE63E16CBEA78005C8332 /* CoreData.framework */; };
		063AE64516CBED86005C8332 /* coreDataExample.xcdatamodel in Sources */ = {isa = PBXBuildFile; fileRef = 063AE64416CBED86005C8332 /* coreDataExample.xcdatamodel */; };
		063AE64616CBF06C005C8332 /* SPADataModels.xcdatamodel in Sources */ = {isa = PBXBuildFile; fileRef = 9818BA8F16CB3BB300D706D3 /* SPADataModels.xcdatamodel */; };
		0668F10716CFD37C007C8A10 /* SquareBorderView.m in Sources */ = {isa = PBXBuildFile; fileRef = 0668F10616CFD37C007C8A10 /* SquareBorderView.m */; };
		06AAD7D316C948AE003B54C1 /* SPAMainContentController.m in Sources */ = {isa = PBXBuildFile; fileRef = 06AAD7D216C948AE003B54C1 /* SPAMainContentController.m */; };
		8D11072D0486CEB800E47090 /* main.m in Sources */ = {isa = PBXBuildFile; fileRef = 29B97316FDCFA39411CA2CEA /* main.m */; settings = {ATTRIBUTES = (); }; };
		8D11072F0486CEB800E47090 /* Cocoa.framework in Frameworks */ = {isa = PBXBuildFile; fileRef = 1058C7A1FEA54F0111CA2CBB /* Cocoa.framework */; };
		980782A816B8C94800933B40 /* QuartzCore.framework in Frameworks */ = {isa = PBXBuildFile; fileRef = 980782A716B8C94800933B40 /* QuartzCore.framework */; };
		980782B116B8D2A600933B40 /* StockEditViewController.m in Sources */ = {isa = PBXBuildFile; fileRef = 980782AF16B8D2A600933B40 /* StockEditViewController.m */; };
		980782B216B8D2A600933B40 /* StockEditViewController.xib in Resources */ = {isa = PBXBuildFile; fileRef = 980782B016B8D2A600933B40 /* StockEditViewController.xib */; };
		980B5DA016C8820D0073CBC3 /* SPAAppUtilies.m in Sources */ = {isa = PBXBuildFile; fileRef = 980B5D9F16C8820D0073CBC3 /* SPAAppUtilies.m */; };
		980B5DA316C88E810073CBC3 /* SPAHeaderView.xib in Resources */ = {isa = PBXBuildFile; fileRef = 980B5DA216C88E810073CBC3 /* SPAHeaderView.xib */; };
		980B5DA816C8988E0073CBC3 /* ic_addstock.png in Resources */ = {isa = PBXBuildFile; fileRef = 980B5DA716C8988E0073CBC3 /* ic_addstock.png */; };
		980F4B271705E4EC007A31B9 /* greenarrow.png in Resources */ = {isa = PBXBuildFile; fileRef = 980F4B261705E4EB007A31B9 /* greenarrow.png */; };
		980F4B2A1705E854007A31B9 /* ApplicationState.m in Sources */ = {isa = PBXBuildFile; fileRef = 980F4B291705E854007A31B9 /* ApplicationState.m */; };
		9818BA9316CB459200D706D3 /* CoreDataManager.m in Sources */ = {isa = PBXBuildFile; fileRef = 9818BA9216CB459200D706D3 /* CoreDataManager.m */; };
		981CFB9817026265009D0E08 /* PullToRefreshClipView.m in Sources */ = {isa = PBXBuildFile; fileRef = 981CFB9417026265009D0E08 /* PullToRefreshClipView.m */; };
		981CFB9917026265009D0E08 /* PullToRefreshScrollView.m in Sources */ = {isa = PBXBuildFile; fileRef = 981CFB9717026265009D0E08 /* PullToRefreshScrollView.m */; };
		981CFB9C170266C4009D0E08 /* pull-to-refresh-arrow.png in Resources */ = {isa = PBXBuildFile; fileRef = 981CFB9A170266C4009D0E08 /* pull-to-refresh-arrow.png */; };
		981CFB9D170266C4009D0E08 /* release-to-refresh.png in Resources */ = {isa = PBXBuildFile; fileRef = 981CFB9B170266C4009D0E08 /* release-to-refresh.png */; };
		985758EE16F52E470059DD88 /* PriceHistory.m in Sources */ = {isa = PBXBuildFile; fileRef = 985758ED16F52E470059DD88 /* PriceHistory.m */; };
		985758F116F52E6D0059DD88 /* Stock.m in Sources */ = {isa = PBXBuildFile; fileRef = 985758F016F52E6D0059DD88 /* Stock.m */; };
		987F702016D709AA0074DF7C /* STOverlayView.m in Sources */ = {isa = PBXBuildFile; fileRef = 987F701F16D709AA0074DF7C /* STOverlayView.m */; };
		9895CA7516BF31050004EE6E /* SPAHeaderView.m in Sources */ = {isa = PBXBuildFile; fileRef = 9895CA7416BF31050004EE6E /* SPAHeaderView.m */; };
		9895CA7816BF310E0004EE6E /* FooterView.m in Sources */ = {isa = PBXBuildFile; fileRef = 9895CA7716BF310E0004EE6E /* FooterView.m */; };
		9895CA7D16BF32860004EE6E /* SPAHeaderViewController.m in Sources */ = {isa = PBXBuildFile; fileRef = 9895CA7A16BF32860004EE6E /* SPAHeaderViewController.m */; };
		9895CA7E16BF32860004EE6E /* SPAFooterViewController.m in Sources */ = {isa = PBXBuildFile; fileRef = 9895CA7C16BF32860004EE6E /* SPAFooterViewController.m */; };
		9895CA8216BF41080004EE6E /* BasicBackGroundView.m in Sources */ = {isa = PBXBuildFile; fileRef = 9895CA8116BF41080004EE6E /* BasicBackGroundView.m */; };
		9898887316B7762A004688D2 /* EDSideBar.m in Sources */ = {isa = PBXBuildFile; fileRef = 9898887216B7762A004688D2 /* EDSideBar.m */; };
		9898887716B7763F004688D2 /* BlackCell.m in Sources */ = {isa = PBXBuildFile; fileRef = 9898887616B7763F004688D2 /* BlackCell.m */; };
		9898887D16B77669004688D2 /* blue.png in Resources */ = {isa = PBXBuildFile; fileRef = 9898887916B77669004688D2 /* blue.png */; };
		9898887E16B77669004688D2 /* icon1-blue.png in Resources */ = {isa = PBXBuildFile; fileRef = 9898887A16B77669004688D2 /* icon1-blue.png */; };
		9898887F16B77669004688D2 /* icon1-gray.png in Resources */ = {isa = PBXBuildFile; fileRef = 9898887B16B77669004688D2 /* icon1-gray.png */; };
		9898888016B77669004688D2 /* icon1-white.png in Resources */ = {isa = PBXBuildFile; fileRef = 9898887C16B77669004688D2 /* icon1-white.png */; };
		989E53D516F2B5C900123F6B /* StockSearchListView.m in Sources */ = {isa = PBXBuildFile; fileRef = 989E53D416F2B5C900123F6B /* StockSearchListView.m */; };
		98CBD9E116D4668800EB0F21 /* SPADataDownloadManager.m in Sources */ = {isa = PBXBuildFile; fileRef = 98CBD9E016D4668800EB0F21 /* SPADataDownloadManager.m */; };
		98CBD9E816D5C79700EB0F21 /* SPAConstants.m in Sources */ = {isa = PBXBuildFile; fileRef = 98CBD9E716D5C79700EB0F21 /* SPAConstants.m */; };
		98D7F1EE16BA0C1400116B44 /* StockListViewController.m in Sources */ = {isa = PBXBuildFile; fileRef = 98D7F1EC16BA0C1400116B44 /* StockListViewController.m */; };
		98D7F1EF16BA0C1400116B44 /* StockListViewController.xib in Resources */ = {isa = PBXBuildFile; fileRef = 98D7F1ED16BA0C1400116B44 /* StockListViewController.xib */; };
		98D7F1F416BA1BEF00116B44 /* SettingsViewController.m in Sources */ = {isa = PBXBuildFile; fileRef = 98D7F1F216BA1BEF00116B44 /* SettingsViewController.m */; };
		98D7F1F516BA1BEF00116B44 /* SettingsViewController.xib in Resources */ = {isa = PBXBuildFile; fileRef = 98D7F1F316BA1BEF00116B44 /* SettingsViewController.xib */; };
		98D7F20E16BB44B300116B44 /* JAListView.m in Sources */ = {isa = PBXBuildFile; fileRef = 98D7F20416BB44B300116B44 /* JAListView.m */; };
		98D7F20F16BB44B300116B44 /* JASectionedListView.m in Sources */ = {isa = PBXBuildFile; fileRef = 98D7F20716BB44B300116B44 /* JASectionedListView.m */; };
		98D7F21016BB44B300116B44 /* JAObjectListView.m in Sources */ = {isa = PBXBuildFile; fileRef = 98D7F20916BB44B300116B44 /* JAObjectListView.m */; };
		98D7F21116BB44B300116B44 /* JAListViewItem.m in Sources */ = {isa = PBXBuildFile; fileRef = 98D7F20B16BB44B300116B44 /* JAListViewItem.m */; };
		98D7F21216BB44B300116B44 /* NSIndexPath+JAListViewExtensions.m in Sources */ = {isa = PBXBuildFile; fileRef = 98D7F20D16BB44B300116B44 /* NSIndexPath+JAListViewExtensions.m */; };
		98D7F21916BB44D700116B44 /* DemoView.m in Sources */ = {isa = PBXBuildFile; fileRef = 98D7F21416BB44D700116B44 /* DemoView.m */; };
		98D7F21A16BB44D700116B44 /* DemoView.xib in Resources */ = {isa = PBXBuildFile; fileRef = 98D7F21516BB44D700116B44 /* DemoView.xib */; };
		98D7F21B16BB44D700116B44 /* DemoSectionView.m in Sources */ = {isa = PBXBuildFile; fileRef = 98D7F21716BB44D700116B44 /* DemoSectionView.m */; };
		98D7F21C16BB44D700116B44 /* DemoSectionView.xib in Resources */ = {isa = PBXBuildFile; fileRef = 98D7F21816BB44D700116B44 /* DemoSectionView.xib */; };
		98D7F21F16BB45BC00116B44 /* JAObjectListViewItem.m in Sources */ = {isa = PBXBuildFile; fileRef = 98D7F21E16BB45BC00116B44 /* JAObjectListViewItem.m */; };
		98E4140F16FF9EE8002346FD /* StockListViewCell.m in Sources */ = {isa = PBXBuildFile; fileRef = 98E4140E16FF9EE8002346FD /* StockListViewCell.m */; };
		98E4141116FFA377002346FD /* StockListViewCell.xib in Resources */ = {isa = PBXBuildFile; fileRef = 98E4141016FFA377002346FD /* StockListViewCell.xib */; };
		98E4141416FFB29C002346FD /* alarm_ringing.png in Resources */ = {isa = PBXBuildFile; fileRef = 98E4141216FFB29C002346FD /* alarm_ringing.png */; };
		98E4141516FFB29C002346FD /* background.png in Resources */ = {isa = PBXBuildFile; fileRef = 98E4141316FFB29C002346FD /* background.png */; };
		98E4141916FFB2AB002346FD /* blank_avatar.png in Resources */ = {isa = PBXBuildFile; fileRef = 98E4141616FFB2AB002346FD /* blank_avatar.png */; };
		98E4141A16FFB2AB002346FD /* bluearrowpng.png in Resources */ = {isa = PBXBuildFile; fileRef = 98E4141716FFB2AB002346FD /* bluearrowpng.png */; };
		98E4141B16FFB2AB002346FD /* f_logo.png in Resources */ = {isa = PBXBuildFile; fileRef = 98E4141816FFB2AB002346FD /* f_logo.png */; };
		98E4142416FFB2CF002346FD /* no_stocks.png in Resources */ = {isa = PBXBuildFile; fileRef = 98E4141C16FFB2CF002346FD /* no_stocks.png */; };
		98E4142516FFB2CF002346FD /* redarrow.png in Resources */ = {isa = PBXBuildFile; fileRef = 98E4141D16FFB2CF002346FD /* redarrow.png */; };
		98E4142616FFB2CF002346FD /* rowhighlighted_alt.png in Resources */ = {isa = PBXBuildFile; fileRef = 98E4141E16FFB2CF002346FD /* rowhighlighted_alt.png */; };
		98E4142716FFB2CF002346FD /* rowhighlighted.png in Resources */ = {isa = PBXBuildFile; fileRef = 98E4141F16FFB2CF002346FD /* rowhighlighted.png */; };
		98E4142816FFB2CF002346FD /* stock_alerts_arrowdown.png in Resources */ = {isa = PBXBuildFile; fileRef = 98E4142016FFB2CF002346FD /* stock_alerts_arrowdown.png */; };
		98E4142A16FFB2CF002346FD /* t_logo.png in Resources */ = {isa = PBXBuildFile; fileRef = 98E4142216FFB2CF002346FD /* t_logo.png */; };
		98E4142B16FFB2CF002346FD /* under_shadow.png in Resources */ = {isa = PBXBuildFile; fileRef = 98E4142316FFB2CF002346FD /* under_shadow.png */; };
		98F11DC516EBA37B00B56237 /* StockDetailsView.xib in Resources */ = {isa = PBXBuildFile; fileRef = 98F11DC416EBA37B00B56237 /* StockDetailsView.xib */; };
		98F11DC816EBA41100B56237 /* SPAStockDetailViewController.m in Sources */ = {isa = PBXBuildFile; fileRef = 98F11DC716EBA41100B56237 /* SPAStockDetailViewController.m */; };
		98F11DCB16F290C300B56237 /* StockDetailsView.m in Sources */ = {isa = PBXBuildFile; fileRef = 98F11DCA16F290C300B56237 /* StockDetailsView.m */; };
		98F37EB216F29A160076FA17 /* StockSearchListViewController.m in Sources */ = {isa = PBXBuildFile; fileRef = 98F37EB016F29A160076FA17 /* StockSearchListViewController.m */; };
		98F37EB316F29A160076FA17 /* StockSearchListView.xib in Resources */ = {isa = PBXBuildFile; fileRef = 98F37EB116F29A160076FA17 /* StockSearchListView.xib */; };
		D26669CB11B1B2F1007597F1 /* AppDelegate.m in Sources */ = {isa = PBXBuildFile; fileRef = D26669CA11B1B2F1007597F1 /* AppDelegate.m */; };
		D26669D211B1B302007597F1 /* InfoPlist.strings in Resources */ = {isa = PBXBuildFile; fileRef = D26669CE11B1B302007597F1 /* InfoPlist.strings */; };
		D26669D311B1B302007597F1 /* MainMenu.xib in Resources */ = {isa = PBXBuildFile; fileRef = D26669D011B1B302007597F1 /* MainMenu.xib */; };
/* End PBXBuildFile section */

/* Begin PBXFileReference section */
		063AE63E16CBEA78005C8332 /* CoreData.framework */ = {isa = PBXFileReference; lastKnownFileType = wrapper.framework; name = CoreData.framework; path = Platforms/MacOSX.platform/Developer/SDKs/MacOSX10.8.sdk/System/Library/Frameworks/CoreData.framework; sourceTree = DEVELOPER_DIR; };
		063AE64416CBED86005C8332 /* coreDataExample.xcdatamodel */ = {isa = PBXFileReference; lastKnownFileType = wrapper.xcdatamodel; path = coreDataExample.xcdatamodel; sourceTree = "<group>"; };
		0668F10516CFD37C007C8A10 /* SquareBorderView.h */ = {isa = PBXFileReference; fileEncoding = 4; lastKnownFileType = sourcecode.c.h; path = SquareBorderView.h; sourceTree = "<group>"; };
		0668F10616CFD37C007C8A10 /* SquareBorderView.m */ = {isa = PBXFileReference; fileEncoding = 4; lastKnownFileType = sourcecode.c.objc; path = SquareBorderView.m; sourceTree = "<group>"; };
		06AAD7D116C948AE003B54C1 /* SPAMainContentController.h */ = {isa = PBXFileReference; fileEncoding = 4; lastKnownFileType = sourcecode.c.h; path = SPAMainContentController.h; sourceTree = "<group>"; };
		06AAD7D216C948AE003B54C1 /* SPAMainContentController.m */ = {isa = PBXFileReference; fileEncoding = 4; lastKnownFileType = sourcecode.c.objc; path = SPAMainContentController.m; sourceTree = "<group>"; };
		1058C7A1FEA54F0111CA2CBB /* Cocoa.framework */ = {isa = PBXFileReference; lastKnownFileType = wrapper.framework; name = Cocoa.framework; path = /System/Library/Frameworks/Cocoa.framework; sourceTree = "<absolute>"; };
		256AC3F00F4B6AF500CF3369 /* StockPriceAlerts_Prefix.pch */ = {isa = PBXFileReference; fileEncoding = 4; lastKnownFileType = sourcecode.c.h; path = StockPriceAlerts_Prefix.pch; sourceTree = "<group>"; };
		29B97316FDCFA39411CA2CEA /* main.m */ = {isa = PBXFileReference; fileEncoding = 4; lastKnownFileType = sourcecode.c.objc; path = main.m; sourceTree = "<group>"; };
		29B97324FDCFA39411CA2CEA /* AppKit.framework */ = {isa = PBXFileReference; lastKnownFileType = wrapper.framework; name = AppKit.framework; path = /System/Library/Frameworks/AppKit.framework; sourceTree = "<absolute>"; };
		29B97325FDCFA39411CA2CEA /* Foundation.framework */ = {isa = PBXFileReference; lastKnownFileType = wrapper.framework; name = Foundation.framework; path = /System/Library/Frameworks/Foundation.framework; sourceTree = "<absolute>"; };
		8D1107320486CEB800E47090 /* StockPriceAlerts.app */ = {isa = PBXFileReference; explicitFileType = wrapper.application; includeInIndex = 0; path = StockPriceAlerts.app; sourceTree = BUILT_PRODUCTS_DIR; };
		980782A716B8C94800933B40 /* QuartzCore.framework */ = {isa = PBXFileReference; lastKnownFileType = wrapper.framework; name = QuartzCore.framework; path = Platforms/MacOSX.platform/Developer/SDKs/MacOSX10.8.sdk/System/Library/Frameworks/QuartzCore.framework; sourceTree = DEVELOPER_DIR; };
		980782AE16B8D2A600933B40 /* StockEditViewController.h */ = {isa = PBXFileReference; fileEncoding = 4; lastKnownFileType = sourcecode.c.h; path = StockEditViewController.h; sourceTree = "<group>"; };
		980782AF16B8D2A600933B40 /* StockEditViewController.m */ = {isa = PBXFileReference; fileEncoding = 4; lastKnownFileType = sourcecode.c.objc; path = StockEditViewController.m; sourceTree = "<group>"; };
		980782B016B8D2A600933B40 /* StockEditViewController.xib */ = {isa = PBXFileReference; fileEncoding = 4; lastKnownFileType = file.xib; path = StockEditViewController.xib; sourceTree = "<group>"; };
		980B5D9E16C8820D0073CBC3 /* SPAAppUtilies.h */ = {isa = PBXFileReference; fileEncoding = 4; lastKnownFileType = sourcecode.c.h; path = SPAAppUtilies.h; sourceTree = "<group>"; };
		980B5D9F16C8820D0073CBC3 /* SPAAppUtilies.m */ = {isa = PBXFileReference; fileEncoding = 4; lastKnownFileType = sourcecode.c.objc; path = SPAAppUtilies.m; sourceTree = "<group>"; };
		980B5DA216C88E810073CBC3 /* SPAHeaderView.xib */ = {isa = PBXFileReference; fileEncoding = 4; lastKnownFileType = file.xib; path = SPAHeaderView.xib; sourceTree = "<group>"; };
		980B5DA716C8988E0073CBC3 /* ic_addstock.png */ = {isa = PBXFileReference; lastKnownFileType = image.png; path = ic_addstock.png; sourceTree = "<group>"; };
		980F4B261705E4EB007A31B9 /* greenarrow.png */ = {isa = PBXFileReference; lastKnownFileType = image.png; path = greenarrow.png; sourceTree = "<group>"; };
		980F4B281705E854007A31B9 /* ApplicationState.h */ = {isa = PBXFileReference; fileEncoding = 4; lastKnownFileType = sourcecode.c.h; path = ApplicationState.h; sourceTree = "<group>"; };
		980F4B291705E854007A31B9 /* ApplicationState.m */ = {isa = PBXFileReference; fileEncoding = 4; lastKnownFileType = sourcecode.c.objc; path = ApplicationState.m; sourceTree = "<group>"; };
		9818BA8F16CB3BB300D706D3 /* SPADataModels.xcdatamodel */ = {isa = PBXFileReference; lastKnownFileType = wrapper.xcdatamodel; path = SPADataModels.xcdatamodel; sourceTree = "<group>"; };
		9818BA9116CB459200D706D3 /* CoreDataManager.h */ = {isa = PBXFileReference; fileEncoding = 4; lastKnownFileType = sourcecode.c.h; path = CoreDataManager.h; sourceTree = "<group>"; };
		9818BA9216CB459200D706D3 /* CoreDataManager.m */ = {isa = PBXFileReference; fileEncoding = 4; lastKnownFileType = sourcecode.c.objc; path = CoreDataManager.m; sourceTree = "<group>"; };
		981CFB9317026265009D0E08 /* PullToRefreshClipView.h */ = {isa = PBXFileReference; fileEncoding = 4; lastKnownFileType = sourcecode.c.h; path = PullToRefreshClipView.h; sourceTree = "<group>"; };
		981CFB9417026265009D0E08 /* PullToRefreshClipView.m */ = {isa = PBXFileReference; fileEncoding = 4; lastKnownFileType = sourcecode.c.objc; path = PullToRefreshClipView.m; sourceTree = "<group>"; };
		981CFB9517026265009D0E08 /* PullToRefreshDelegate.h */ = {isa = PBXFileReference; fileEncoding = 4; lastKnownFileType = sourcecode.c.h; path = PullToRefreshDelegate.h; sourceTree = "<group>"; };
		981CFB9617026265009D0E08 /* PullToRefreshScrollView.h */ = {isa = PBXFileReference; fileEncoding = 4; lastKnownFileType = sourcecode.c.h; path = PullToRefreshScrollView.h; sourceTree = "<group>"; };
		981CFB9717026265009D0E08 /* PullToRefreshScrollView.m */ = {isa = PBXFileReference; fileEncoding = 4; lastKnownFileType = sourcecode.c.objc; path = PullToRefreshScrollView.m; sourceTree = "<group>"; };
		981CFB9A170266C4009D0E08 /* pull-to-refresh-arrow.png */ = {isa = PBXFileReference; lastKnownFileType = image.png; path = "pull-to-refresh-arrow.png"; sourceTree = "<group>"; };
		981CFB9B170266C4009D0E08 /* release-to-refresh.png */ = {isa = PBXFileReference; lastKnownFileType = image.png; path = "release-to-refresh.png"; sourceTree = "<group>"; };
		985758EC16F52E470059DD88 /* PriceHistory.h */ = {isa = PBXFileReference; fileEncoding = 4; lastKnownFileType = sourcecode.c.h; path = PriceHistory.h; sourceTree = "<group>"; };
		985758ED16F52E470059DD88 /* PriceHistory.m */ = {isa = PBXFileReference; fileEncoding = 4; lastKnownFileType = sourcecode.c.objc; path = PriceHistory.m; sourceTree = "<group>"; };
		985758EF16F52E6D0059DD88 /* Stock.h */ = {isa = PBXFileReference; fileEncoding = 4; lastKnownFileType = sourcecode.c.h; path = Stock.h; sourceTree = "<group>"; };
		985758F016F52E6D0059DD88 /* Stock.m */ = {isa = PBXFileReference; fileEncoding = 4; lastKnownFileType = sourcecode.c.objc; path = Stock.m; sourceTree = "<group>"; };
		987F701E16D709AA0074DF7C /* STOverlayView.h */ = {isa = PBXFileReference; fileEncoding = 4; lastKnownFileType = sourcecode.c.h; path = STOverlayView.h; sourceTree = "<group>"; };
		987F701F16D709AA0074DF7C /* STOverlayView.m */ = {isa = PBXFileReference; fileEncoding = 4; lastKnownFileType = sourcecode.c.objc; path = STOverlayView.m; sourceTree = "<group>"; };
		9895CA7316BF31050004EE6E /* SPAHeaderView.h */ = {isa = PBXFileReference; fileEncoding = 4; lastKnownFileType = sourcecode.c.h; path = SPAHeaderView.h; sourceTree = "<group>"; };
		9895CA7416BF31050004EE6E /* SPAHeaderView.m */ = {isa = PBXFileReference; fileEncoding = 4; lastKnownFileType = sourcecode.c.objc; path = SPAHeaderView.m; sourceTree = "<group>"; };
		9895CA7616BF310E0004EE6E /* FooterView.h */ = {isa = PBXFileReference; fileEncoding = 4; lastKnownFileType = sourcecode.c.h; path = FooterView.h; sourceTree = "<group>"; };
		9895CA7716BF310E0004EE6E /* FooterView.m */ = {isa = PBXFileReference; fileEncoding = 4; lastKnownFileType = sourcecode.c.objc; path = FooterView.m; sourceTree = "<group>"; };
		9895CA7916BF32860004EE6E /* SPAHeaderViewController.h */ = {isa = PBXFileReference; fileEncoding = 4; lastKnownFileType = sourcecode.c.h; path = SPAHeaderViewController.h; sourceTree = "<group>"; };
		9895CA7A16BF32860004EE6E /* SPAHeaderViewController.m */ = {isa = PBXFileReference; fileEncoding = 4; lastKnownFileType = sourcecode.c.objc; path = SPAHeaderViewController.m; sourceTree = "<group>"; };
		9895CA7B16BF32860004EE6E /* SPAFooterViewController.h */ = {isa = PBXFileReference; fileEncoding = 4; lastKnownFileType = sourcecode.c.h; path = SPAFooterViewController.h; sourceTree = "<group>"; };
		9895CA7C16BF32860004EE6E /* SPAFooterViewController.m */ = {isa = PBXFileReference; fileEncoding = 4; lastKnownFileType = sourcecode.c.objc; path = SPAFooterViewController.m; sourceTree = "<group>"; };
		9895CA8016BF41080004EE6E /* BasicBackGroundView.h */ = {isa = PBXFileReference; fileEncoding = 4; lastKnownFileType = sourcecode.c.h; path = BasicBackGroundView.h; sourceTree = "<group>"; };
		9895CA8116BF41080004EE6E /* BasicBackGroundView.m */ = {isa = PBXFileReference; fileEncoding = 4; lastKnownFileType = sourcecode.c.objc; path = BasicBackGroundView.m; sourceTree = "<group>"; };
		9898887116B77629004688D2 /* EDSideBar.h */ = {isa = PBXFileReference; fileEncoding = 4; lastKnownFileType = sourcecode.c.h; path = EDSideBar.h; sourceTree = "<group>"; };
		9898887216B7762A004688D2 /* EDSideBar.m */ = {isa = PBXFileReference; fileEncoding = 4; lastKnownFileType = sourcecode.c.objc; path = EDSideBar.m; sourceTree = "<group>"; };
		9898887516B7763F004688D2 /* BlackCell.h */ = {isa = PBXFileReference; fileEncoding = 4; lastKnownFileType = sourcecode.c.h; path = BlackCell.h; sourceTree = "<group>"; };
		9898887616B7763F004688D2 /* BlackCell.m */ = {isa = PBXFileReference; fileEncoding = 4; lastKnownFileType = sourcecode.c.objc; path = BlackCell.m; sourceTree = "<group>"; };
		9898887916B77669004688D2 /* blue.png */ = {isa = PBXFileReference; lastKnownFileType = image.png; path = blue.png; sourceTree = "<group>"; };
		9898887A16B77669004688D2 /* icon1-blue.png */ = {isa = PBXFileReference; lastKnownFileType = image.png; path = "icon1-blue.png"; sourceTree = "<group>"; };
		9898887B16B77669004688D2 /* icon1-gray.png */ = {isa = PBXFileReference; lastKnownFileType = image.png; path = "icon1-gray.png"; sourceTree = "<group>"; };
		9898887C16B77669004688D2 /* icon1-white.png */ = {isa = PBXFileReference; lastKnownFileType = image.png; path = "icon1-white.png"; sourceTree = "<group>"; };
		989E53D316F2B5C900123F6B /* StockSearchListView.h */ = {isa = PBXFileReference; fileEncoding = 4; lastKnownFileType = sourcecode.c.h; path = StockSearchListView.h; sourceTree = "<group>"; };
		989E53D416F2B5C900123F6B /* StockSearchListView.m */ = {isa = PBXFileReference; fileEncoding = 4; lastKnownFileType = sourcecode.c.objc; path = StockSearchListView.m; sourceTree = "<group>"; };
		98CBD9DF16D4668800EB0F21 /* SPADataDownloadManager.h */ = {isa = PBXFileReference; fileEncoding = 4; lastKnownFileType = sourcecode.c.h; path = SPADataDownloadManager.h; sourceTree = "<group>"; };
		98CBD9E016D4668800EB0F21 /* SPADataDownloadManager.m */ = {isa = PBXFileReference; fileEncoding = 4; lastKnownFileType = sourcecode.c.objc; path = SPADataDownloadManager.m; sourceTree = "<group>"; };
		98CBD9E616D5C79700EB0F21 /* SPAConstants.h */ = {isa = PBXFileReference; fileEncoding = 4; lastKnownFileType = sourcecode.c.h; path = SPAConstants.h; sourceTree = "<group>"; };
		98CBD9E716D5C79700EB0F21 /* SPAConstants.m */ = {isa = PBXFileReference; fileEncoding = 4; lastKnownFileType = sourcecode.c.objc; path = SPAConstants.m; sourceTree = "<group>"; };
		98D7F1EB16BA0C1400116B44 /* StockListViewController.h */ = {isa = PBXFileReference; fileEncoding = 4; lastKnownFileType = sourcecode.c.h; path = StockListViewController.h; sourceTree = "<group>"; };
		98D7F1EC16BA0C1400116B44 /* StockListViewController.m */ = {isa = PBXFileReference; fileEncoding = 4; lastKnownFileType = sourcecode.c.objc; path = StockListViewController.m; sourceTree = "<group>"; };
		98D7F1ED16BA0C1400116B44 /* StockListViewController.xib */ = {isa = PBXFileReference; fileEncoding = 4; lastKnownFileType = file.xib; path = StockListViewController.xib; sourceTree = "<group>"; };
		98D7F1F116BA1BEE00116B44 /* SettingsViewController.h */ = {isa = PBXFileReference; fileEncoding = 4; lastKnownFileType = sourcecode.c.h; path = SettingsViewController.h; sourceTree = "<group>"; };
		98D7F1F216BA1BEF00116B44 /* SettingsViewController.m */ = {isa = PBXFileReference; fileEncoding = 4; lastKnownFileType = sourcecode.c.objc; path = SettingsViewController.m; sourceTree = "<group>"; };
		98D7F1F316BA1BEF00116B44 /* SettingsViewController.xib */ = {isa = PBXFileReference; fileEncoding = 4; lastKnownFileType = file.xib; path = SettingsViewController.xib; sourceTree = "<group>"; };
		98D7F20316BB44B300116B44 /* JAListView.h */ = {isa = PBXFileReference; fileEncoding = 4; lastKnownFileType = sourcecode.c.h; path = JAListView.h; sourceTree = "<group>"; };
		98D7F20416BB44B300116B44 /* JAListView.m */ = {isa = PBXFileReference; fileEncoding = 4; lastKnownFileType = sourcecode.c.objc; path = JAListView.m; sourceTree = "<group>"; };
		98D7F20516BB44B300116B44 /* JAEdgeInsets.h */ = {isa = PBXFileReference; fileEncoding = 4; lastKnownFileType = sourcecode.c.h; path = JAEdgeInsets.h; sourceTree = "<group>"; };
		98D7F20616BB44B300116B44 /* JASectionedListView.h */ = {isa = PBXFileReference; fileEncoding = 4; lastKnownFileType = sourcecode.c.h; path = JASectionedListView.h; sourceTree = "<group>"; };
		98D7F20716BB44B300116B44 /* JASectionedListView.m */ = {isa = PBXFileReference; fileEncoding = 4; lastKnownFileType = sourcecode.c.objc; path = JASectionedListView.m; sourceTree = "<group>"; };
		98D7F20816BB44B300116B44 /* JAObjectListView.h */ = {isa = PBXFileReference; fileEncoding = 4; lastKnownFileType = sourcecode.c.h; path = JAObjectListView.h; sourceTree = "<group>"; };
		98D7F20916BB44B300116B44 /* JAObjectListView.m */ = {isa = PBXFileReference; fileEncoding = 4; lastKnownFileType = sourcecode.c.objc; path = JAObjectListView.m; sourceTree = "<group>"; };
		98D7F20A16BB44B300116B44 /* JAListViewItem.h */ = {isa = PBXFileReference; fileEncoding = 4; lastKnownFileType = sourcecode.c.h; path = JAListViewItem.h; sourceTree = "<group>"; };
		98D7F20B16BB44B300116B44 /* JAListViewItem.m */ = {isa = PBXFileReference; fileEncoding = 4; lastKnownFileType = sourcecode.c.objc; path = JAListViewItem.m; sourceTree = "<group>"; };
		98D7F20C16BB44B300116B44 /* NSIndexPath+JAListViewExtensions.h */ = {isa = PBXFileReference; fileEncoding = 4; lastKnownFileType = sourcecode.c.h; path = "NSIndexPath+JAListViewExtensions.h"; sourceTree = "<group>"; };
		98D7F20D16BB44B300116B44 /* NSIndexPath+JAListViewExtensions.m */ = {isa = PBXFileReference; fileEncoding = 4; lastKnownFileType = sourcecode.c.objc; path = "NSIndexPath+JAListViewExtensions.m"; sourceTree = "<group>"; };
		98D7F21316BB44D700116B44 /* DemoView.h */ = {isa = PBXFileReference; fileEncoding = 4; lastKnownFileType = sourcecode.c.h; path = DemoView.h; sourceTree = "<group>"; };
		98D7F21416BB44D700116B44 /* DemoView.m */ = {isa = PBXFileReference; fileEncoding = 4; lastKnownFileType = sourcecode.c.objc; path = DemoView.m; sourceTree = "<group>"; };
		98D7F21516BB44D700116B44 /* DemoView.xib */ = {isa = PBXFileReference; fileEncoding = 4; lastKnownFileType = file.xib; path = DemoView.xib; sourceTree = "<group>"; };
		98D7F21616BB44D700116B44 /* DemoSectionView.h */ = {isa = PBXFileReference; fileEncoding = 4; lastKnownFileType = sourcecode.c.h; path = DemoSectionView.h; sourceTree = "<group>"; };
		98D7F21716BB44D700116B44 /* DemoSectionView.m */ = {isa = PBXFileReference; fileEncoding = 4; lastKnownFileType = sourcecode.c.objc; path = DemoSectionView.m; sourceTree = "<group>"; };
		98D7F21816BB44D700116B44 /* DemoSectionView.xib */ = {isa = PBXFileReference; fileEncoding = 4; lastKnownFileType = file.xib; path = DemoSectionView.xib; sourceTree = "<group>"; };
		98D7F21D16BB45BC00116B44 /* JAObjectListViewItem.h */ = {isa = PBXFileReference; fileEncoding = 4; lastKnownFileType = sourcecode.c.h; path = JAObjectListViewItem.h; sourceTree = "<group>"; };
		98D7F21E16BB45BC00116B44 /* JAObjectListViewItem.m */ = {isa = PBXFileReference; fileEncoding = 4; lastKnownFileType = sourcecode.c.objc; path = JAObjectListViewItem.m; sourceTree = "<group>"; };
		98E4140D16FF9EE8002346FD /* StockListViewCell.h */ = {isa = PBXFileReference; fileEncoding = 4; lastKnownFileType = sourcecode.c.h; path = StockListViewCell.h; sourceTree = "<group>"; };
		98E4140E16FF9EE8002346FD /* StockListViewCell.m */ = {isa = PBXFileReference; fileEncoding = 4; lastKnownFileType = sourcecode.c.objc; path = StockListViewCell.m; sourceTree = "<group>"; };
		98E4141016FFA377002346FD /* StockListViewCell.xib */ = {isa = PBXFileReference; fileEncoding = 4; lastKnownFileType = file.xib; path = StockListViewCell.xib; sourceTree = "<group>"; };
		98E4141216FFB29C002346FD /* alarm_ringing.png */ = {isa = PBXFileReference; lastKnownFileType = image.png; path = alarm_ringing.png; sourceTree = "<group>"; };
		98E4141316FFB29C002346FD /* background.png */ = {isa = PBXFileReference; lastKnownFileType = image.png; path = background.png; sourceTree = "<group>"; };
		98E4141616FFB2AB002346FD /* blank_avatar.png */ = {isa = PBXFileReference; lastKnownFileType = image.png; path = blank_avatar.png; sourceTree = "<group>"; };
		98E4141716FFB2AB002346FD /* bluearrowpng.png */ = {isa = PBXFileReference; lastKnownFileType = image.png; path = bluearrowpng.png; sourceTree = "<group>"; };
		98E4141816FFB2AB002346FD /* f_logo.png */ = {isa = PBXFileReference; lastKnownFileType = image.png; path = f_logo.png; sourceTree = "<group>"; };
		98E4141C16FFB2CF002346FD /* no_stocks.png */ = {isa = PBXFileReference; lastKnownFileType = image.png; path = no_stocks.png; sourceTree = "<group>"; };
		98E4141D16FFB2CF002346FD /* redarrow.png */ = {isa = PBXFileReference; lastKnownFileType = image.png; path = redarrow.png; sourceTree = "<group>"; };
		98E4141E16FFB2CF002346FD /* rowhighlighted_alt.png */ = {isa = PBXFileReference; lastKnownFileType = image.png; path = rowhighlighted_alt.png; sourceTree = "<group>"; };
		98E4141F16FFB2CF002346FD /* rowhighlighted.png */ = {isa = PBXFileReference; lastKnownFileType = image.png; path = rowhighlighted.png; sourceTree = "<group>"; };
		98E4142016FFB2CF002346FD /* stock_alerts_arrowdown.png */ = {isa = PBXFileReference; lastKnownFileType = image.png; path = stock_alerts_arrowdown.png; sourceTree = "<group>"; };
		98E4142216FFB2CF002346FD /* t_logo.png */ = {isa = PBXFileReference; lastKnownFileType = image.png; path = t_logo.png; sourceTree = "<group>"; };
		98E4142316FFB2CF002346FD /* under_shadow.png */ = {isa = PBXFileReference; lastKnownFileType = image.png; path = under_shadow.png; sourceTree = "<group>"; };
		98F11DC416EBA37B00B56237 /* StockDetailsView.xib */ = {isa = PBXFileReference; fileEncoding = 4; lastKnownFileType = file.xib; path = StockDetailsView.xib; sourceTree = "<group>"; };
		98F11DC616EBA41100B56237 /* SPAStockDetailViewController.h */ = {isa = PBXFileReference; fileEncoding = 4; lastKnownFileType = sourcecode.c.h; path = SPAStockDetailViewController.h; sourceTree = "<group>"; };
		98F11DC716EBA41100B56237 /* SPAStockDetailViewController.m */ = {isa = PBXFileReference; fileEncoding = 4; lastKnownFileType = sourcecode.c.objc; path = SPAStockDetailViewController.m; sourceTree = "<group>"; };
		98F11DC916F290C300B56237 /* StockDetailsView.h */ = {isa = PBXFileReference; fileEncoding = 4; lastKnownFileType = sourcecode.c.h; path = StockDetailsView.h; sourceTree = "<group>"; };
		98F11DCA16F290C300B56237 /* StockDetailsView.m */ = {isa = PBXFileReference; fileEncoding = 4; lastKnownFileType = sourcecode.c.objc; path = StockDetailsView.m; sourceTree = "<group>"; };
		98F37EAF16F29A160076FA17 /* StockSearchListViewController.h */ = {isa = PBXFileReference; fileEncoding = 4; lastKnownFileType = sourcecode.c.h; path = StockSearchListViewController.h; sourceTree = "<group>"; };
		98F37EB016F29A160076FA17 /* StockSearchListViewController.m */ = {isa = PBXFileReference; fileEncoding = 4; lastKnownFileType = sourcecode.c.objc; path = StockSearchListViewController.m; sourceTree = "<group>"; };
		98F37EB116F29A160076FA17 /* StockSearchListView.xib */ = {isa = PBXFileReference; fileEncoding = 4; lastKnownFileType = file.xib; path = StockSearchListView.xib; sourceTree = "<group>"; };
		D26669C911B1B2F1007597F1 /* AppDelegate.h */ = {isa = PBXFileReference; fileEncoding = 4; lastKnownFileType = sourcecode.c.h; name = AppDelegate.h; path = Classes/AppDelegate.h; sourceTree = "<group>"; };
		D26669CA11B1B2F1007597F1 /* AppDelegate.m */ = {isa = PBXFileReference; fileEncoding = 4; lastKnownFileType = sourcecode.c.objc; name = AppDelegate.m; path = Classes/AppDelegate.m; sourceTree = "<group>"; };
		D26669CC11B1B2F8007597F1 /* StockPriceAlerts-Info.plist */ = {isa = PBXFileReference; fileEncoding = 4; lastKnownFileType = text.plist.xml; name = "StockPriceAlerts-Info.plist"; path = "Resources/StockPriceAlerts-Info.plist"; sourceTree = "<group>"; };
		D26669CF11B1B302007597F1 /* English */ = {isa = PBXFileReference; fileEncoding = 4; lastKnownFileType = text.plist.strings; name = English; path = Resources/English.lproj/InfoPlist.strings; sourceTree = "<group>"; };
		D26669D111B1B302007597F1 /* English */ = {isa = PBXFileReference; lastKnownFileType = file.xib; name = English; path = Resources/English.lproj/MainMenu.xib; sourceTree = "<group>"; };
/* End PBXFileReference section */

/* Begin PBXFrameworksBuildPhase section */
		8D11072E0486CEB800E47090 /* Frameworks */ = {
			isa = PBXFrameworksBuildPhase;
			buildActionMask = 2147483647;
			files = (
				063AE63F16CBEA78005C8332 /* CoreData.framework in Frameworks */,
				980782A816B8C94800933B40 /* QuartzCore.framework in Frameworks */,
				8D11072F0486CEB800E47090 /* Cocoa.framework in Frameworks */,
			);
			runOnlyForDeploymentPostprocessing = 0;
		};
/* End PBXFrameworksBuildPhase section */

/* Begin PBXGroup section */
		06AAD7C316C93920003B54C1 /* Custom Views */ = {
			isa = PBXGroup;
			children = (
				D25DDA7C133F56C10086783B /* List View Cells */,
				9895CA7F16BF32DE0004EE6E /* BasicBackground */,
				9895CA7016BF30E80004EE6E /* Header */,
				9895CA7216BF30EF0004EE6E /* Footer */,
			);
			name = "Custom Views";
			sourceTree = "<group>";
		};
		1058C7A0FEA54F0111CA2CBB /* Linked Frameworks */ = {
			isa = PBXGroup;
			children = (
				1058C7A1FEA54F0111CA2CBB /* Cocoa.framework */,
			);
			name = "Linked Frameworks";
			sourceTree = "<group>";
		};
		1058C7A2FEA54F0111CA2CBB /* Other Frameworks */ = {
			isa = PBXGroup;
			children = (
				063AE63E16CBEA78005C8332 /* CoreData.framework */,
				980782A716B8C94800933B40 /* QuartzCore.framework */,
				29B97324FDCFA39411CA2CEA /* AppKit.framework */,
				29B97325FDCFA39411CA2CEA /* Foundation.framework */,
			);
			name = "Other Frameworks";
			sourceTree = "<group>";
		};
		19C28FACFE9D520D11CA2CBB /* Products */ = {
			isa = PBXGroup;
			children = (
				8D1107320486CEB800E47090 /* StockPriceAlerts.app */,
			);
			name = Products;
			sourceTree = "<group>";
		};
		29B97314FDCFA39411CA2CEA /* PXListView */ = {
			isa = PBXGroup;
			children = (
				9818BA8D16CB3B8100D706D3 /* Models */,
				06AAD7C316C93920003B54C1 /* Custom Views */,
				9898888416B77A1C004688D2 /* Custom Controls */,
				980782AD16B8D20D00933B40 /* ViewControllers */,
				D25DDA7B133F569B0086783B /* Classes */,
				29B97315FDCFA39411CA2CEA /* Supporting Files */,
				9898887816B7764F004688D2 /* Resources */,
				29B97323FDCFA39411CA2CEA /* Frameworks */,
				19C28FACFE9D520D11CA2CBB /* Products */,
			);
			name = PXListView;
			sourceTree = "<group>";
		};
		29B97315FDCFA39411CA2CEA /* Supporting Files */ = {
			isa = PBXGroup;
			children = (
				256AC3F00F4B6AF500CF3369 /* StockPriceAlerts_Prefix.pch */,
				29B97316FDCFA39411CA2CEA /* main.m */,
				D26669CC11B1B2F8007597F1 /* StockPriceAlerts-Info.plist */,
				D26669CE11B1B302007597F1 /* InfoPlist.strings */,
			);
			name = "Supporting Files";
			sourceTree = "<group>";
		};
		29B97323FDCFA39411CA2CEA /* Frameworks */ = {
			isa = PBXGroup;
			children = (
				1058C7A0FEA54F0111CA2CBB /* Linked Frameworks */,
				1058C7A2FEA54F0111CA2CBB /* Other Frameworks */,
			);
			name = Frameworks;
			sourceTree = "<group>";
		};
		980782AC16B8CB2700933B40 /* images */ = {
			isa = PBXGroup;
			children = (
				980F4B261705E4EB007A31B9 /* greenarrow.png */,
				981CFB9A170266C4009D0E08 /* pull-to-refresh-arrow.png */,
				981CFB9B170266C4009D0E08 /* release-to-refresh.png */,
				98E4141C16FFB2CF002346FD /* no_stocks.png */,
				98E4141D16FFB2CF002346FD /* redarrow.png */,
				98E4141E16FFB2CF002346FD /* rowhighlighted_alt.png */,
				98E4141F16FFB2CF002346FD /* rowhighlighted.png */,
				98E4142016FFB2CF002346FD /* stock_alerts_arrowdown.png */,
				98E4142216FFB2CF002346FD /* t_logo.png */,
				98E4142316FFB2CF002346FD /* under_shadow.png */,
				98E4141616FFB2AB002346FD /* blank_avatar.png */,
				98E4141716FFB2AB002346FD /* bluearrowpng.png */,
				98E4141816FFB2AB002346FD /* f_logo.png */,
				98E4141216FFB29C002346FD /* alarm_ringing.png */,
				98E4141316FFB29C002346FD /* background.png */,
				980B5DA716C8988E0073CBC3 /* ic_addstock.png */,
				9898887916B77669004688D2 /* blue.png */,
				9898887A16B77669004688D2 /* icon1-blue.png */,
				9898887B16B77669004688D2 /* icon1-gray.png */,
				9898887C16B77669004688D2 /* icon1-white.png */,
			);
			name = images;
			sourceTree = "<group>";
		};
		980782AD16B8D20D00933B40 /* ViewControllers */ = {
			isa = PBXGroup;
			children = (
				06AAD7D116C948AE003B54C1 /* SPAMainContentController.h */,
				06AAD7D216C948AE003B54C1 /* SPAMainContentController.m */,
				9895CA7B16BF32860004EE6E /* SPAFooterViewController.h */,
				98D7F1F116BA1BEE00116B44 /* SettingsViewController.h */,
				98D7F1F216BA1BEF00116B44 /* SettingsViewController.m */,
				9895CA7916BF32860004EE6E /* SPAHeaderViewController.h */,
				9895CA7A16BF32860004EE6E /* SPAHeaderViewController.m */,
				9895CA7C16BF32860004EE6E /* SPAFooterViewController.m */,
				98D7F1EB16BA0C1400116B44 /* StockListViewController.h */,
				98D7F1EC16BA0C1400116B44 /* StockListViewController.m */,
				98C0D15116F4C83E007A2F31 /* StockDetailControllers */,
			);
			name = ViewControllers;
			sourceTree = "<group>";
		};
		9818BA8D16CB3B8100D706D3 /* Models */ = {
			isa = PBXGroup;
			children = (
				063AE64416CBED86005C8332 /* coreDataExample.xcdatamodel */,
				9818BA8F16CB3BB300D706D3 /* SPADataModels.xcdatamodel */,
				980F4B281705E854007A31B9 /* ApplicationState.h */,
				980F4B291705E854007A31B9 /* ApplicationState.m */,
				985758EF16F52E6D0059DD88 /* Stock.h */,
				985758F016F52E6D0059DD88 /* Stock.m */,
				985758EC16F52E470059DD88 /* PriceHistory.h */,
				985758ED16F52E470059DD88 /* PriceHistory.m */,
			);
			name = Models;
			sourceTree = "<group>";
		};
		981CFB9217026235009D0E08 /* PullToRefresh */ = {
			isa = PBXGroup;
			children = (
				981CFB9317026265009D0E08 /* PullToRefreshClipView.h */,
				981CFB9417026265009D0E08 /* PullToRefreshClipView.m */,
				981CFB9517026265009D0E08 /* PullToRefreshDelegate.h */,
				981CFB9617026265009D0E08 /* PullToRefreshScrollView.h */,
				981CFB9717026265009D0E08 /* PullToRefreshScrollView.m */,
			);
			name = PullToRefresh;
			sourceTree = "<group>";
		};
		987F702216D709B30074DF7C /* STOverlayView */ = {
			isa = PBXGroup;
			children = (
				987F701E16D709AA0074DF7C /* STOverlayView.h */,
				987F701F16D709AA0074DF7C /* STOverlayView.m */,
			);
			name = STOverlayView;
			sourceTree = "<group>";
		};
		9895CA7016BF30E80004EE6E /* Header */ = {
			isa = PBXGroup;
			children = (
				9895CA7316BF31050004EE6E /* SPAHeaderView.h */,
				9895CA7416BF31050004EE6E /* SPAHeaderView.m */,
			);
			name = Header;
			sourceTree = "<group>";
		};
		9895CA7216BF30EF0004EE6E /* Footer */ = {
			isa = PBXGroup;
			children = (
				9895CA7616BF310E0004EE6E /* FooterView.h */,
				9895CA7716BF310E0004EE6E /* FooterView.m */,
			);
			name = Footer;
			sourceTree = "<group>";
		};
		9895CA7F16BF32DE0004EE6E /* BasicBackground */ = {
			isa = PBXGroup;
			children = (
				0668F10516CFD37C007C8A10 /* SquareBorderView.h */,
				0668F10616CFD37C007C8A10 /* SquareBorderView.m */,
				9895CA8016BF41080004EE6E /* BasicBackGroundView.h */,
				9895CA8116BF41080004EE6E /* BasicBackGroundView.m */,
				98F11DC916F290C300B56237 /* StockDetailsView.h */,
				98F11DCA16F290C300B56237 /* StockDetailsView.m */,
				989E53D316F2B5C900123F6B /* StockSearchListView.h */,
				989E53D416F2B5C900123F6B /* StockSearchListView.m */,
			);
			name = BasicBackground;
			sourceTree = "<group>";
		};
		9898887816B7764F004688D2 /* Resources */ = {
			isa = PBXGroup;
			children = (
				980782AC16B8CB2700933B40 /* images */,
				D26669D011B1B302007597F1 /* MainMenu.xib */,
				980B5DA216C88E810073CBC3 /* SPAHeaderView.xib */,
				98D7F1ED16BA0C1400116B44 /* StockListViewController.xib */,
				98E4141016FFA377002346FD /* StockListViewCell.xib */,
				98D7F1F316BA1BEF00116B44 /* SettingsViewController.xib */,
				98D7F21816BB44D700116B44 /* DemoSectionView.xib */,
				98D7F21516BB44D700116B44 /* DemoView.xib */,
				980782B016B8D2A600933B40 /* StockEditViewController.xib */,
				98F11DC416EBA37B00B56237 /* StockDetailsView.xib */,
				98F37EB116F29A160076FA17 /* StockSearchListView.xib */,
			);
			name = Resources;
			sourceTree = "<group>";
		};
		9898888116B77677004688D2 /* EDSideBar */ = {
			isa = PBXGroup;
			children = (
				9898887516B7763F004688D2 /* BlackCell.h */,
				9898887616B7763F004688D2 /* BlackCell.m */,
				9898887116B77629004688D2 /* EDSideBar.h */,
				9898887216B7762A004688D2 /* EDSideBar.m */,
			);
			name = EDSideBar;
			sourceTree = "<group>";
		};
		9898888416B77A1C004688D2 /* Custom Controls */ = {
			isa = PBXGroup;
			children = (
				981CFB9217026235009D0E08 /* PullToRefresh */,
				987F702216D709B30074DF7C /* STOverlayView */,
				98D7F20216BB44A200116B44 /* JAListView */,
				9898888116B77677004688D2 /* EDSideBar */,
			);
			name = "Custom Controls";
			sourceTree = "<group>";
		};
		98C0D15116F4C83E007A2F31 /* StockDetailControllers */ = {
			isa = PBXGroup;
			children = (
				980782AE16B8D2A600933B40 /* StockEditViewController.h */,
				980782AF16B8D2A600933B40 /* StockEditViewController.m */,
				98F11DC616EBA41100B56237 /* SPAStockDetailViewController.h */,
				98F11DC716EBA41100B56237 /* SPAStockDetailViewController.m */,
				98F37EAF16F29A160076FA17 /* StockSearchListViewController.h */,
				98F37EB016F29A160076FA17 /* StockSearchListViewController.m */,
			);
			name = StockDetailControllers;
			sourceTree = "<group>";
		};
		98CBD9D916D4641300EB0F21 /* Utils */ = {
			isa = PBXGroup;
			children = (
				980B5D9E16C8820D0073CBC3 /* SPAAppUtilies.h */,
				980B5D9F16C8820D0073CBC3 /* SPAAppUtilies.m */,
				98CBD9E616D5C79700EB0F21 /* SPAConstants.h */,
				98CBD9E716D5C79700EB0F21 /* SPAConstants.m */,
			);
			name = Utils;
			sourceTree = "<group>";
		};
		98D7F20216BB44A200116B44 /* JAListView */ = {
			isa = PBXGroup;
			children = (
				98D7F20316BB44B300116B44 /* JAListView.h */,
				98D7F20416BB44B300116B44 /* JAListView.m */,
				98D7F20516BB44B300116B44 /* JAEdgeInsets.h */,
				98D7F20616BB44B300116B44 /* JASectionedListView.h */,
				98D7F20716BB44B300116B44 /* JASectionedListView.m */,
				98D7F20816BB44B300116B44 /* JAObjectListView.h */,
				98D7F20916BB44B300116B44 /* JAObjectListView.m */,
				98D7F21D16BB45BC00116B44 /* JAObjectListViewItem.h */,
				98D7F21E16BB45BC00116B44 /* JAObjectListViewItem.m */,
				98D7F20A16BB44B300116B44 /* JAListViewItem.h */,
				98D7F20B16BB44B300116B44 /* JAListViewItem.m */,
				98D7F20C16BB44B300116B44 /* NSIndexPath+JAListViewExtensions.h */,
				98D7F20D16BB44B300116B44 /* NSIndexPath+JAListViewExtensions.m */,
			);
			name = JAListView;
			sourceTree = "<group>";
		};
		D25DDA7B133F569B0086783B /* Classes */ = {
			isa = PBXGroup;
			children = (
				D26669C911B1B2F1007597F1 /* AppDelegate.h */,
				D26669CA11B1B2F1007597F1 /* AppDelegate.m */,
				9818BA9116CB459200D706D3 /* CoreDataManager.h */,
				9818BA9216CB459200D706D3 /* CoreDataManager.m */,
				98CBD9DF16D4668800EB0F21 /* SPADataDownloadManager.h */,
				98CBD9E016D4668800EB0F21 /* SPADataDownloadManager.m */,
				98CBD9D916D4641300EB0F21 /* Utils */,
			);
			name = Classes;
			sourceTree = "<group>";
		};
		D25DDA7C133F56C10086783B /* List View Cells */ = {
			isa = PBXGroup;
			children = (
				98D7F21316BB44D700116B44 /* DemoView.h */,
				98D7F21416BB44D700116B44 /* DemoView.m */,
				98D7F21616BB44D700116B44 /* DemoSectionView.h */,
				98D7F21716BB44D700116B44 /* DemoSectionView.m */,
				98E4140D16FF9EE8002346FD /* StockListViewCell.h */,
				98E4140E16FF9EE8002346FD /* StockListViewCell.m */,
			);
			name = "List View Cells";
			sourceTree = "<group>";
		};
/* End PBXGroup section */

/* Begin PBXNativeTarget section */
		8D1107260486CEB800E47090 /* StockPriceAlerts */ = {
			isa = PBXNativeTarget;
			buildConfigurationList = C01FCF4A08A954540054247B /* Build configuration list for PBXNativeTarget "StockPriceAlerts" */;
			buildPhases = (
				8D1107290486CEB800E47090 /* Resources */,
				8D11072C0486CEB800E47090 /* Sources */,
				8D11072E0486CEB800E47090 /* Frameworks */,
			);
			buildRules = (
			);
			dependencies = (
			);
			name = StockPriceAlerts;
			productInstallPath = "$(HOME)/Applications";
			productName = PXListView;
			productReference = 8D1107320486CEB800E47090 /* StockPriceAlerts.app */;
			productType = "com.apple.product-type.application";
		};
/* End PBXNativeTarget section */

/* Begin PBXProject section */
		29B97313FDCFA39411CA2CEA /* Project object */ = {
			isa = PBXProject;
			buildConfigurationList = C01FCF4E08A954540054247B /* Build configuration list for PBXProject "StockPriceAlerts" */;
			compatibilityVersion = "Xcode 3.1";
			developmentRegion = English;
			hasScannedForEncodings = 1;
			knownRegions = (
				en,
			);
			mainGroup = 29B97314FDCFA39411CA2CEA /* PXListView */;
			projectDirPath = "";
			projectRoot = "";
			targets = (
				8D1107260486CEB800E47090 /* StockPriceAlerts */,
			);
		};
/* End PBXProject section */

/* Begin PBXResourcesBuildPhase section */
		8D1107290486CEB800E47090 /* Resources */ = {
			isa = PBXResourcesBuildPhase;
			buildActionMask = 2147483647;
			files = (
				D26669D211B1B302007597F1 /* InfoPlist.strings in Resources */,
				D26669D311B1B302007597F1 /* MainMenu.xib in Resources */,
				9898887D16B77669004688D2 /* blue.png in Resources */,
				9898887E16B77669004688D2 /* icon1-blue.png in Resources */,
				9898887F16B77669004688D2 /* icon1-gray.png in Resources */,
				9898888016B77669004688D2 /* icon1-white.png in Resources */,
				980782B216B8D2A600933B40 /* StockEditViewController.xib in Resources */,
				98D7F1EF16BA0C1400116B44 /* StockListViewController.xib in Resources */,
				98D7F1F516BA1BEF00116B44 /* SettingsViewController.xib in Resources */,
				98D7F21A16BB44D700116B44 /* DemoView.xib in Resources */,
				98D7F21C16BB44D700116B44 /* DemoSectionView.xib in Resources */,
				980B5DA316C88E810073CBC3 /* SPAHeaderView.xib in Resources */,
				980B5DA816C8988E0073CBC3 /* ic_addstock.png in Resources */,
				98F11DC516EBA37B00B56237 /* StockDetailsView.xib in Resources */,
				98F37EB316F29A160076FA17 /* StockSearchListView.xib in Resources */,
				98E4141116FFA377002346FD /* StockListViewCell.xib in Resources */,
				98E4141416FFB29C002346FD /* alarm_ringing.png in Resources */,
				98E4141516FFB29C002346FD /* background.png in Resources */,
				98E4141916FFB2AB002346FD /* blank_avatar.png in Resources */,
				98E4141A16FFB2AB002346FD /* bluearrowpng.png in Resources */,
				98E4141B16FFB2AB002346FD /* f_logo.png in Resources */,
				98E4142416FFB2CF002346FD /* no_stocks.png in Resources */,
				98E4142516FFB2CF002346FD /* redarrow.png in Resources */,
				98E4142616FFB2CF002346FD /* rowhighlighted_alt.png in Resources */,
				98E4142716FFB2CF002346FD /* rowhighlighted.png in Resources */,
				98E4142816FFB2CF002346FD /* stock_alerts_arrowdown.png in Resources */,
				98E4142A16FFB2CF002346FD /* t_logo.png in Resources */,
				98E4142B16FFB2CF002346FD /* under_shadow.png in Resources */,
				981CFB9C170266C4009D0E08 /* pull-to-refresh-arrow.png in Resources */,
				981CFB9D170266C4009D0E08 /* release-to-refresh.png in Resources */,
				980F4B271705E4EC007A31B9 /* greenarrow.png in Resources */,
			);
			runOnlyForDeploymentPostprocessing = 0;
		};
/* End PBXResourcesBuildPhase section */

/* Begin PBXSourcesBuildPhase section */
		8D11072C0486CEB800E47090 /* Sources */ = {
			isa = PBXSourcesBuildPhase;
			buildActionMask = 2147483647;
			files = (
				063AE64616CBF06C005C8332 /* SPADataModels.xcdatamodel in Sources */,
				8D11072D0486CEB800E47090 /* main.m in Sources */,
				D26669CB11B1B2F1007597F1 /* AppDelegate.m in Sources */,
				9898887316B7762A004688D2 /* EDSideBar.m in Sources */,
				9898887716B7763F004688D2 /* BlackCell.m in Sources */,
				980782B116B8D2A600933B40 /* StockEditViewController.m in Sources */,
				98D7F1EE16BA0C1400116B44 /* StockListViewController.m in Sources */,
				98D7F1F416BA1BEF00116B44 /* SettingsViewController.m in Sources */,
				98D7F20E16BB44B300116B44 /* JAListView.m in Sources */,
				98D7F20F16BB44B300116B44 /* JASectionedListView.m in Sources */,
				98D7F21016BB44B300116B44 /* JAObjectListView.m in Sources */,
				98D7F21116BB44B300116B44 /* JAListViewItem.m in Sources */,
				98D7F21216BB44B300116B44 /* NSIndexPath+JAListViewExtensions.m in Sources */,
				98D7F21916BB44D700116B44 /* DemoView.m in Sources */,
				98D7F21B16BB44D700116B44 /* DemoSectionView.m in Sources */,
				98D7F21F16BB45BC00116B44 /* JAObjectListViewItem.m in Sources */,
				9895CA7516BF31050004EE6E /* SPAHeaderView.m in Sources */,
				9895CA7816BF310E0004EE6E /* FooterView.m in Sources */,
				9895CA7D16BF32860004EE6E /* SPAHeaderViewController.m in Sources */,
				9895CA7E16BF32860004EE6E /* SPAFooterViewController.m in Sources */,
				9895CA8216BF41080004EE6E /* BasicBackGroundView.m in Sources */,
				980B5DA016C8820D0073CBC3 /* SPAAppUtilies.m in Sources */,
				06AAD7D316C948AE003B54C1 /* SPAMainContentController.m in Sources */,
				9818BA9316CB459200D706D3 /* CoreDataManager.m in Sources */,
				063AE64516CBED86005C8332 /* coreDataExample.xcdatamodel in Sources */,
				0668F10716CFD37C007C8A10 /* SquareBorderView.m in Sources */,
				98CBD9E116D4668800EB0F21 /* SPADataDownloadManager.m in Sources */,
				98CBD9E816D5C79700EB0F21 /* SPAConstants.m in Sources */,
				987F702016D709AA0074DF7C /* STOverlayView.m in Sources */,
				98F11DC816EBA41100B56237 /* SPAStockDetailViewController.m in Sources */,
				98F11DCB16F290C300B56237 /* StockDetailsView.m in Sources */,
				98F37EB216F29A160076FA17 /* StockSearchListViewController.m in Sources */,
				989E53D516F2B5C900123F6B /* StockSearchListView.m in Sources */,
				985758EE16F52E470059DD88 /* PriceHistory.m in Sources */,
				985758F116F52E6D0059DD88 /* Stock.m in Sources */,
				98E4140F16FF9EE8002346FD /* StockListViewCell.m in Sources */,
				981CFB9817026265009D0E08 /* PullToRefreshClipView.m in Sources */,
				981CFB9917026265009D0E08 /* PullToRefreshScrollView.m in Sources */,
				980F4B2A1705E854007A31B9 /* ApplicationState.m in Sources */,
			);
			runOnlyForDeploymentPostprocessing = 0;
		};
/* End PBXSourcesBuildPhase section */

/* Begin PBXVariantGroup section */
		D26669CE11B1B302007597F1 /* InfoPlist.strings */ = {
			isa = PBXVariantGroup;
			children = (
				D26669CF11B1B302007597F1 /* English */,
			);
			name = InfoPlist.strings;
			sourceTree = "<group>";
		};
		D26669D011B1B302007597F1 /* MainMenu.xib */ = {
			isa = PBXVariantGroup;
			children = (
				D26669D111B1B302007597F1 /* English */,
			);
			name = MainMenu.xib;
			sourceTree = "<group>";
		};
/* End PBXVariantGroup section */

/* Begin XCBuildConfiguration section */
		C01FCF4B08A954540054247B /* Debug */ = {
			isa = XCBuildConfiguration;
			buildSettings = {
				ALWAYS_SEARCH_USER_PATHS = NO;
				CLANG_ENABLE_OBJC_ARC = YES;
				COPY_PHASE_STRIP = NO;
				FRAMEWORK_SEARCH_PATHS = (
					"$(inherited)",
					"\"$(SRCROOT)\"",
				);
				GCC_DYNAMIC_NO_PIC = NO;
				GCC_ENABLE_FIX_AND_CONTINUE = YES;
				GCC_MODEL_TUNING = G5;
				GCC_OPTIMIZATION_LEVEL = 0;
				GCC_PRECOMPILE_PREFIX_HEADER = YES;
				GCC_PREFIX_HEADER = StockPriceAlerts_Prefix.pch;
				GCC_PREPROCESSOR_DEFINITIONS = "DEBUG=1";
				GCC_WARN_64_TO_32_BIT_CONVERSION = YES;
				GCC_WARN_ABOUT_GLOBAL_CONSTRUCTORS = YES;
				GCC_WARN_ABOUT_MISSING_FIELD_INITIALIZERS = YES;
				GCC_WARN_ABOUT_MISSING_NEWLINE = YES;
				GCC_WARN_ABOUT_MISSING_PROTOTYPES = YES;
				GCC_WARN_CHECK_SWITCH_STATEMENTS = YES;
				GCC_WARN_INITIALIZER_NOT_FULLY_BRACKETED = YES;
				GCC_WARN_MISSING_PARENTHESES = YES;
				GCC_WARN_NON_VIRTUAL_DESTRUCTOR = YES;
				GCC_WARN_PEDANTIC = NO;
				GCC_WARN_SHADOW = YES;
				GCC_WARN_SIGN_COMPARE = YES;
				GCC_WARN_UNDECLARED_SELECTOR = YES;
				GCC_WARN_UNUSED_FUNCTION = YES;
				GCC_WARN_UNUSED_LABEL = YES;
				GCC_WARN_UNUSED_PARAMETER = YES;
				GCC_WARN_UNUSED_VALUE = YES;
				INFOPLIST_FILE = "Resources/StockPriceAlerts-Info.plist";
				INSTALL_PATH = "$(HOME)/Applications";
				PRODUCT_NAME = StockPriceAlerts;
				SDKROOT = macosx;
			};
			name = Debug;
		};
		C01FCF4C08A954540054247B /* Release */ = {
			isa = XCBuildConfiguration;
			buildSettings = {
				ALWAYS_SEARCH_USER_PATHS = NO;
				CLANG_ENABLE_OBJC_ARC = YES;
				COPY_PHASE_STRIP = NO;
				DEBUG_INFORMATION_FORMAT = "dwarf-with-dsym";
				FRAMEWORK_SEARCH_PATHS = (
					"$(inherited)",
					"\"$(SRCROOT)\"",
				);
				GCC_MODEL_TUNING = G5;
				GCC_PRECOMPILE_PREFIX_HEADER = YES;
				GCC_PREFIX_HEADER = StockPriceAlerts_Prefix.pch;
				GCC_WARN_64_TO_32_BIT_CONVERSION = YES;
				GCC_WARN_ABOUT_GLOBAL_CONSTRUCTORS = YES;
				GCC_WARN_ABOUT_MISSING_FIELD_INITIALIZERS = YES;
				GCC_WARN_ABOUT_MISSING_NEWLINE = YES;
				GCC_WARN_ABOUT_MISSING_PROTOTYPES = YES;
				GCC_WARN_CHECK_SWITCH_STATEMENTS = YES;
				GCC_WARN_INITIALIZER_NOT_FULLY_BRACKETED = YES;
				GCC_WARN_MISSING_PARENTHESES = YES;
				GCC_WARN_NON_VIRTUAL_DESTRUCTOR = YES;
				GCC_WARN_PEDANTIC = NO;
				GCC_WARN_SHADOW = YES;
				GCC_WARN_SIGN_COMPARE = YES;
				GCC_WARN_UNDECLARED_SELECTOR = YES;
				GCC_WARN_UNUSED_FUNCTION = YES;
				GCC_WARN_UNUSED_LABEL = YES;
				GCC_WARN_UNUSED_PARAMETER = YES;
				GCC_WARN_UNUSED_VALUE = YES;
				INFOPLIST_FILE = "Resources/StockPriceAlerts-Info.plist";
				INSTALL_PATH = "$(HOME)/Applications";
				PRODUCT_NAME = StockPriceAlerts;
				SDKROOT = macosx;
			};
			name = Release;
		};
		C01FCF4F08A954540054247B /* Debug */ = {
			isa = XCBuildConfiguration;
			buildSettings = {
				ARCHS = "$(ARCHS_STANDARD_32_64_BIT)";
				GCC_C_LANGUAGE_STANDARD = gnu99;
				GCC_OPTIMIZATION_LEVEL = 0;
				GCC_WARN_ABOUT_RETURN_TYPE = YES;
				GCC_WARN_UNUSED_VARIABLE = YES;
				ONLY_ACTIVE_ARCH = YES;
				PREBINDING = NO;
				SDKROOT = macosx10.6;
			};
			name = Debug;
		};
		C01FCF5008A954540054247B /* Release */ = {
			isa = XCBuildConfiguration;
			buildSettings = {
				ARCHS = "$(ARCHS_STANDARD_32_64_BIT)";
				GCC_C_LANGUAGE_STANDARD = gnu99;
				GCC_WARN_ABOUT_RETURN_TYPE = YES;
				GCC_WARN_UNUSED_VARIABLE = YES;
				PREBINDING = NO;
				SDKROOT = macosx10.6;
			};
			name = Release;
		};
/* End XCBuildConfiguration section */

/* Begin XCConfigurationList section */
		C01FCF4A08A954540054247B /* Build configuration list for PBXNativeTarget "StockPriceAlerts" */ = {
			isa = XCConfigurationList;
			buildConfigurations = (
				C01FCF4B08A954540054247B /* Debug */,
				C01FCF4C08A954540054247B /* Release */,
			);
			defaultConfigurationIsVisible = 0;
			defaultConfigurationName = Release;
		};
		C01FCF4E08A954540054247B /* Build configuration list for PBXProject "StockPriceAlerts" */ = {
			isa = XCConfigurationList;
			buildConfigurations = (
				C01FCF4F08A954540054247B /* Debug */,
				C01FCF5008A954540054247B /* Release */,
			);
			defaultConfigurationIsVisible = 0;
			defaultConfigurationName = Release;
		};
/* End XCConfigurationList section */
	};
	rootObject = 29B97313FDCFA39411CA2CEA /* Project object */;
}
